
Microsoft Visual Studio Solution File, Format Version 12.00
# Visual Studio Version 16
VisualStudioVersion = 16.0.28516.95
MinimumVisualStudioVersion = 10.0.40219.1
Project("{FAE04EC0-301F-11D3-BF4B-00C04F79EFBC}") = "CrossThreadingTests", "CrossThreadingTests\CrossThreadingTests.csproj", "{AC857292-B1B8-4B6A-8BFF-AC5C08EE27FC}"
EndProject
Global
	GlobalSection(SolutionConfigurationPlatforms) = preSolution
		Debug|Any CPU = Debug|Any CPU
		Release|Any CPU = Release|Any CPU
	EndGlobalSection
	GlobalSection(ProjectConfigurationPlatforms) = postSolution
		{AC857292-B1B8-4B6A-8BFF-AC5C08EE27FC}.Debug|Any CPU.ActiveCfg = Debug|Any CPU
		{AC857292-B1B8-4B6A-8BFF-AC5C08EE27FC}.Debug|Any CPU.Build.0 = Debug|Any CPU
		{AC857292-B1B8-4B6A-8BFF-AC5C08EE27FC}.Release|Any CPU.ActiveCfg = Release|Any CPU
		{AC857292-B1B8-4B6A-8BFF-AC5C08EE27FC}.Release|Any CPU.Build.0 = Release|Any CPU
	EndGlobalSection
	GlobalSection(SolutionProperties) = preSolution
		HideSolutionNode = FALSE
	EndGlobalSection
	GlobalSection(ExtensibilityGlobals) = postSolution
		SolutionGuid = {25E19AA2-E9D4-48D2-BECC-4F24385D5725}
	EndGlobalSection
EndGlobal
